{
  "name": "TS-Translation-for-TheoInf",
  "lockfileVersion": 3,
  "requires": true,
  "packages": {
    "": {
      "dependencies": {
        "recursive-set": "^8.0.0"
      }
    },
    "node_modules/recursive-set": {
      "version": "8.0.0",
      "resolved": "https://registry.npmjs.org/recursive-set/-/recursive-set-8.0.0.tgz",
      "integrity": "sha512-i2eqgI6hsb7iOH9feQfvf3/SQ1sJwhzABEHepfeYl3FV1R8N2/Z2wLP+gxNH2vxd2ZcEBn9cxAsfcrY6q5CfYA==",
      "license": "MIT"
    }
  }
}
